// !$*UTF8*$!
{
	archiveVersion = 1;
	classes = {
	};
	objectVersion = 56;
	objects = {

/* Begin PBXBuildFile section */
		151FC4AB29908D2100607D98 /* MainTableViewController.swift in Sources */ = {isa = PBXBuildFile; fileRef = 151FC4AA29908D2100607D98 /* MainTableViewController.swift */; };
		151FC4AD29908D2D00607D98 /* CustomTextField.swift in Sources */ = {isa = PBXBuildFile; fileRef = 151FC4AC29908D2D00607D98 /* CustomTextField.swift */; };
		151FC4AF29908D6900607D98 /* CustomLabel.swift in Sources */ = {isa = PBXBuildFile; fileRef = 151FC4AE29908D6900607D98 /* CustomLabel.swift */; };
		151FC4B12990AA1E00607D98 /* GetDataAccount.swift in Sources */ = {isa = PBXBuildFile; fileRef = 151FC4B02990AA1E00607D98 /* GetDataAccount.swift */; };
		151FC4B32990AD8200607D98 /* GetDataFavorite.swift in Sources */ = {isa = PBXBuildFile; fileRef = 151FC4B22990AD8200607D98 /* GetDataFavorite.swift */; };
		151FC4B52990AE3800607D98 /* GetDataADBanner.swift in Sources */ = {isa = PBXBuildFile; fileRef = 151FC4B42990AE3800607D98 /* GetDataADBanner.swift */; };
		151FC4B82990AF1B00607D98 /* NotificationTableViewCell.swift in Sources */ = {isa = PBXBuildFile; fileRef = 151FC4B62990AF1B00607D98 /* NotificationTableViewCell.swift */; };
		151FC4B92990AF1B00607D98 /* NotificationTableViewCell.xib in Resources */ = {isa = PBXBuildFile; fileRef = 151FC4B72990AF1B00607D98 /* NotificationTableViewCell.xib */; };
		151FC4BB2990F96C00607D98 /* CustomView.swift in Sources */ = {isa = PBXBuildFile; fileRef = 151FC4BA2990F96C00607D98 /* CustomView.swift */; };
		152155EB298E3321002972C1 /* AppDelegate.swift in Sources */ = {isa = PBXBuildFile; fileRef = 152155EA298E3321002972C1 /* AppDelegate.swift */; };
		152155ED298E3321002972C1 /* SceneDelegate.swift in Sources */ = {isa = PBXBuildFile; fileRef = 152155EC298E3321002972C1 /* SceneDelegate.swift */; };
		152155EF298E3321002972C1 /* NotificationViewController.swift in Sources */ = {isa = PBXBuildFile; fileRef = 152155EE298E3321002972C1 /* NotificationViewController.swift */; };
		152155F2298E3321002972C1 /* Main.storyboard in Resources */ = {isa = PBXBuildFile; fileRef = 152155F0298E3321002972C1 /* Main.storyboard */; };
		152155F5298E3321002972C1 /* iOSInterview.xcdatamodeld in Sources */ = {isa = PBXBuildFile; fileRef = 152155F3298E3321002972C1 /* iOSInterview.xcdatamodeld */; };
		152155F7298E3322002972C1 /* Assets.xcassets in Resources */ = {isa = PBXBuildFile; fileRef = 152155F6298E3322002972C1 /* Assets.xcassets */; };
		152155FA298E3322002972C1 /* LaunchScreen.storyboard in Resources */ = {isa = PBXBuildFile; fileRef = 152155F8298E3322002972C1 /* LaunchScreen.storyboard */; };
		15215605298E3322002972C1 /* iOSInterviewTests.swift in Sources */ = {isa = PBXBuildFile; fileRef = 15215604298E3322002972C1 /* iOSInterviewTests.swift */; };
		1521560F298E3322002972C1 /* iOSInterviewUITests.swift in Sources */ = {isa = PBXBuildFile; fileRef = 1521560E298E3322002972C1 /* iOSInterviewUITests.swift */; };
		15215611298E3322002972C1 /* iOSInterviewUITestsLaunchTests.swift in Sources */ = {isa = PBXBuildFile; fileRef = 15215610298E3322002972C1 /* iOSInterviewUITestsLaunchTests.swift */; };
		15215620298E34C0002972C1 /* GetJson.swift in Sources */ = {isa = PBXBuildFile; fileRef = 1521561F298E34C0002972C1 /* GetJson.swift */; };
		15215622298E3560002972C1 /* Url.swift in Sources */ = {isa = PBXBuildFile; fileRef = 15215621298E3560002972C1 /* Url.swift */; };
		15215625298E3D3F002972C1 /* UIColor.swift in Sources */ = {isa = PBXBuildFile; fileRef = 15215624298E3D3F002972C1 /* UIColor.swift */; };
		15472135299277F900A3A368 /* CustomTabbar.swift in Sources */ = {isa = PBXBuildFile; fileRef = 15472134299277F900A3A368 /* CustomTabbar.swift */; };
		15912523298E4A9B009C33E6 /* CustomTabBarController.swift in Sources */ = {isa = PBXBuildFile; fileRef = 15912522298E4A9B009C33E6 /* CustomTabBarController.swift */; };
		15912525298E5B28009C33E6 /* GetDataNotification.swift in Sources */ = {isa = PBXBuildFile; fileRef = 15912524298E5B28009C33E6 /* GetDataNotification.swift */; };
		159F59962991E7C700E13AC9 /* ADBannerCollectionViewCell.swift in Sources */ = {isa = PBXBuildFile; fileRef = 159F59942991E7C700E13AC9 /* ADBannerCollectionViewCell.swift */; };
		159F59972991E7C700E13AC9 /* ADBannerCollectionViewCell.xib in Resources */ = {isa = PBXBuildFile; fileRef = 159F59952991E7C700E13AC9 /* ADBannerCollectionViewCell.xib */; };
		159F599A2991E88D00E13AC9 /* FavoriteCollectionViewCell.swift in Sources */ = {isa = PBXBuildFile; fileRef = 159F59982991E88D00E13AC9 /* FavoriteCollectionViewCell.swift */; };
		159F599B2991E88D00E13AC9 /* FavoriteCollectionViewCell.xib in Resources */ = {isa = PBXBuildFile; fileRef = 159F59992991E88D00E13AC9 /* FavoriteCollectionViewCell.xib */; };
		159F599D2991F2A500E13AC9 /* GetImage.swift in Sources */ = {isa = PBXBuildFile; fileRef = 159F599C2991F2A500E13AC9 /* GetImage.swift */; };
/* End PBXBuildFile section */

/* Begin PBXContainerItemProxy section */
		15215601298E3322002972C1 /* PBXContainerItemProxy */ = {
			isa = PBXContainerItemProxy;
			containerPortal = 152155DF298E3321002972C1 /* Project object */;
			proxyType = 1;
			remoteGlobalIDString = 152155E6298E3321002972C1;
			remoteInfo = iOSInterview;
		};
		1521560B298E3322002972C1 /* PBXContainerItemProxy */ = {
			isa = PBXContainerItemProxy;
			containerPortal = 152155DF298E3321002972C1 /* Project object */;
			proxyType = 1;
			remoteGlobalIDString = 152155E6298E3321002972C1;
			remoteInfo = iOSInterview;
		};
/* End PBXContainerItemProxy section */

/* Begin PBXFileReference section */
		151FC4AA29908D2100607D98 /* MainTableViewController.swift */ = {isa = PBXFileReference; lastKnownFileType = sourcecode.swift; path = MainTableViewController.swift; sourceTree = "<group>"; };
		151FC4AC29908D2D00607D98 /* CustomTextField.swift */ = {isa = PBXFileReference; fileEncoding = 4; lastKnownFileType = sourcecode.swift; path = CustomTextField.swift; sourceTree = "<group>"; };
		151FC4AE29908D6900607D98 /* CustomLabel.swift */ = {isa = PBXFileReference; fileEncoding = 4; lastKnownFileType = sourcecode.swift; path = CustomLabel.swift; sourceTree = "<group>"; };
		151FC4B02990AA1E00607D98 /* GetDataAccount.swift */ = {isa = PBXFileReference; lastKnownFileType = sourcecode.swift; path = GetDataAccount.swift; sourceTree = "<group>"; };
		151FC4B22990AD8200607D98 /* GetDataFavorite.swift */ = {isa = PBXFileReference; lastKnownFileType = sourcecode.swift; path = GetDataFavorite.swift; sourceTree = "<group>"; };
		151FC4B42990AE3800607D98 /* GetDataADBanner.swift */ = {isa = PBXFileReference; lastKnownFileType = sourcecode.swift; path = GetDataADBanner.swift; sourceTree = "<group>"; };
		151FC4B62990AF1B00607D98 /* NotificationTableViewCell.swift */ = {isa = PBXFileReference; lastKnownFileType = sourcecode.swift; path = NotificationTableViewCell.swift; sourceTree = "<group>"; };
		151FC4B72990AF1B00607D98 /* NotificationTableViewCell.xib */ = {isa = PBXFileReference; lastKnownFileType = file.xib; path = NotificationTableViewCell.xib; sourceTree = "<group>"; };
		151FC4BA2990F96C00607D98 /* CustomView.swift */ = {isa = PBXFileReference; fileEncoding = 4; lastKnownFileType = sourcecode.swift; path = CustomView.swift; sourceTree = "<group>"; };
		152155E7298E3321002972C1 /* iOSInterview.app */ = {isa = PBXFileReference; explicitFileType = wrapper.application; includeInIndex = 0; path = iOSInterview.app; sourceTree = BUILT_PRODUCTS_DIR; };
		152155EA298E3321002972C1 /* AppDelegate.swift */ = {isa = PBXFileReference; lastKnownFileType = sourcecode.swift; path = AppDelegate.swift; sourceTree = "<group>"; };
		152155EC298E3321002972C1 /* SceneDelegate.swift */ = {isa = PBXFileReference; lastKnownFileType = sourcecode.swift; path = SceneDelegate.swift; sourceTree = "<group>"; };
		152155EE298E3321002972C1 /* NotificationViewController.swift */ = {isa = PBXFileReference; lastKnownFileType = sourcecode.swift; path = NotificationViewController.swift; sourceTree = "<group>"; };
		152155F1298E3321002972C1 /* Base */ = {isa = PBXFileReference; lastKnownFileType = file.storyboard; name = Base; path = Base.lproj/Main.storyboard; sourceTree = "<group>"; };
		152155F4298E3321002972C1 /* iOSInterview.xcdatamodel */ = {isa = PBXFileReference; lastKnownFileType = wrapper.xcdatamodel; path = iOSInterview.xcdatamodel; sourceTree = "<group>"; };
		152155F6298E3322002972C1 /* Assets.xcassets */ = {isa = PBXFileReference; lastKnownFileType = folder.assetcatalog; path = Assets.xcassets; sourceTree = "<group>"; };
		152155F9298E3322002972C1 /* Base */ = {isa = PBXFileReference; lastKnownFileType = file.storyboard; name = Base; path = Base.lproj/LaunchScreen.storyboard; sourceTree = "<group>"; };
		152155FB298E3322002972C1 /* Info.plist */ = {isa = PBXFileReference; lastKnownFileType = text.plist.xml; path = Info.plist; sourceTree = "<group>"; };
		15215600298E3322002972C1 /* iOSInterviewTests.xctest */ = {isa = PBXFileReference; explicitFileType = wrapper.cfbundle; includeInIndex = 0; path = iOSInterviewTests.xctest; sourceTree = BUILT_PRODUCTS_DIR; };
		15215604298E3322002972C1 /* iOSInterviewTests.swift */ = {isa = PBXFileReference; lastKnownFileType = sourcecode.swift; path = iOSInterviewTests.swift; sourceTree = "<group>"; };
		1521560A298E3322002972C1 /* iOSInterviewUITests.xctest */ = {isa = PBXFileReference; explicitFileType = wrapper.cfbundle; includeInIndex = 0; path = iOSInterviewUITests.xctest; sourceTree = BUILT_PRODUCTS_DIR; };
		1521560E298E3322002972C1 /* iOSInterviewUITests.swift */ = {isa = PBXFileReference; lastKnownFileType = sourcecode.swift; path = iOSInterviewUITests.swift; sourceTree = "<group>"; };
		15215610298E3322002972C1 /* iOSInterviewUITestsLaunchTests.swift */ = {isa = PBXFileReference; lastKnownFileType = sourcecode.swift; path = iOSInterviewUITestsLaunchTests.swift; sourceTree = "<group>"; };
		1521561F298E34C0002972C1 /* GetJson.swift */ = {isa = PBXFileReference; lastKnownFileType = sourcecode.swift; path = GetJson.swift; sourceTree = "<group>"; };
		15215621298E3560002972C1 /* Url.swift */ = {isa = PBXFileReference; lastKnownFileType = sourcecode.swift; path = Url.swift; sourceTree = "<group>"; };
		15215624298E3D3F002972C1 /* UIColor.swift */ = {isa = PBXFileReference; lastKnownFileType = sourcecode.swift; path = UIColor.swift; sourceTree = "<group>"; };
		15472134299277F900A3A368 /* CustomTabbar.swift */ = {isa = PBXFileReference; lastKnownFileType = sourcecode.swift; path = CustomTabbar.swift; sourceTree = "<group>"; };
		15912522298E4A9B009C33E6 /* CustomTabBarController.swift */ = {isa = PBXFileReference; lastKnownFileType = sourcecode.swift; path = CustomTabBarController.swift; sourceTree = "<group>"; };
		15912524298E5B28009C33E6 /* GetDataNotification.swift */ = {isa = PBXFileReference; lastKnownFileType = sourcecode.swift; path = GetDataNotification.swift; sourceTree = "<group>"; };
		159F59942991E7C700E13AC9 /* ADBannerCollectionViewCell.swift */ = {isa = PBXFileReference; lastKnownFileType = sourcecode.swift; path = ADBannerCollectionViewCell.swift; sourceTree = "<group>"; };
		159F59952991E7C700E13AC9 /* ADBannerCollectionViewCell.xib */ = {isa = PBXFileReference; lastKnownFileType = file.xib; path = ADBannerCollectionViewCell.xib; sourceTree = "<group>"; };
		159F59982991E88D00E13AC9 /* FavoriteCollectionViewCell.swift */ = {isa = PBXFileReference; lastKnownFileType = sourcecode.swift; path = FavoriteCollectionViewCell.swift; sourceTree = "<group>"; };
		159F59992991E88D00E13AC9 /* FavoriteCollectionViewCell.xib */ = {isa = PBXFileReference; lastKnownFileType = file.xib; path = FavoriteCollectionViewCell.xib; sourceTree = "<group>"; };
		159F599C2991F2A500E13AC9 /* GetImage.swift */ = {isa = PBXFileReference; lastKnownFileType = sourcecode.swift; path = GetImage.swift; sourceTree = "<group>"; };
/* End PBXFileReference section */

/* Begin PBXFrameworksBuildPhase section */
		152155E4298E3321002972C1 /* Frameworks */ = {
			isa = PBXFrameworksBuildPhase;
			buildActionMask = 2147483647;
			files = (
			);
			runOnlyForDeploymentPostprocessing = 0;
		};
		152155FD298E3322002972C1 /* Frameworks */ = {
			isa = PBXFrameworksBuildPhase;
			buildActionMask = 2147483647;
			files = (
			);
			runOnlyForDeploymentPostprocessing = 0;
		};
		15215607298E3322002972C1 /* Frameworks */ = {
			isa = PBXFrameworksBuildPhase;
			buildActionMask = 2147483647;
			files = (
			);
			runOnlyForDeploymentPostprocessing = 0;
		};
/* End PBXFrameworksBuildPhase section */

/* Begin PBXGroup section */
		152155DE298E3321002972C1 = {
			isa = PBXGroup;
			children = (
				152155E9298E3321002972C1 /* iOSInterview */,
				15215603298E3322002972C1 /* iOSInterviewTests */,
				1521560D298E3322002972C1 /* iOSInterviewUITests */,
				152155E8298E3321002972C1 /* Products */,
			);
			sourceTree = "<group>";
		};
		152155E8298E3321002972C1 /* Products */ = {
			isa = PBXGroup;
			children = (
				152155E7298E3321002972C1 /* iOSInterview.app */,
				15215600298E3322002972C1 /* iOSInterviewTests.xctest */,
				1521560A298E3322002972C1 /* iOSInterviewUITests.xctest */,
			);
			name = Products;
			sourceTree = "<group>";
		};
		152155E9298E3321002972C1 /* iOSInterview */ = {
			isa = PBXGroup;
			children = (
				15215623298E3D0A002972C1 /* common */,
				1521561E298E347E002972C1 /* network */,
				1521561D298E3476002972C1 /* model */,
				15912521298E4A15009C33E6 /* view */,
				152155EA298E3321002972C1 /* AppDelegate.swift */,
				152155EC298E3321002972C1 /* SceneDelegate.swift */,
				152155EE298E3321002972C1 /* NotificationViewController.swift */,
				151FC4AA29908D2100607D98 /* MainTableViewController.swift */,
				152155F0298E3321002972C1 /* Main.storyboard */,
				152155F6298E3322002972C1 /* Assets.xcassets */,
				152155F8298E3322002972C1 /* LaunchScreen.storyboard */,
				152155FB298E3322002972C1 /* Info.plist */,
				152155F3298E3321002972C1 /* iOSInterview.xcdatamodeld */,
			);
			path = iOSInterview;
			sourceTree = "<group>";
		};
		15215603298E3322002972C1 /* iOSInterviewTests */ = {
			isa = PBXGroup;
			children = (
				15215604298E3322002972C1 /* iOSInterviewTests.swift */,
			);
			path = iOSInterviewTests;
			sourceTree = "<group>";
		};
		1521560D298E3322002972C1 /* iOSInterviewUITests */ = {
			isa = PBXGroup;
			children = (
				1521560E298E3322002972C1 /* iOSInterviewUITests.swift */,
				15215610298E3322002972C1 /* iOSInterviewUITestsLaunchTests.swift */,
			);
			path = iOSInterviewUITests;
			sourceTree = "<group>";
		};
		1521561D298E3476002972C1 /* model */ = {
			isa = PBXGroup;
			children = (
			);
			path = model;
			sourceTree = "<group>";
		};
		1521561E298E347E002972C1 /* network */ = {
			isa = PBXGroup;
			children = (
				15215621298E3560002972C1 /* Url.swift */,
				1521561F298E34C0002972C1 /* GetJson.swift */,
				15912524298E5B28009C33E6 /* GetDataNotification.swift */,
				151FC4B02990AA1E00607D98 /* GetDataAccount.swift */,
				151FC4B22990AD8200607D98 /* GetDataFavorite.swift */,
				151FC4B42990AE3800607D98 /* GetDataADBanner.swift */,
				159F599C2991F2A500E13AC9 /* GetImage.swift */,
			);
			path = network;
			sourceTree = "<group>";
		};
		15215623298E3D0A002972C1 /* common */ = {
			isa = PBXGroup;
			children = (
				151FC4BA2990F96C00607D98 /* CustomView.swift */,
				151FC4AC29908D2D00607D98 /* CustomTextField.swift */,
				151FC4AE29908D6900607D98 /* CustomLabel.swift */,
				15215624298E3D3F002972C1 /* UIColor.swift */,
				15472134299277F900A3A368 /* CustomTabbar.swift */,
			);
			path = common;
			sourceTree = "<group>";
		};
		15912521298E4A15009C33E6 /* view */ = {
			isa = PBXGroup;
			children = (
				15912522298E4A9B009C33E6 /* CustomTabBarController.swift */,
				151FC4B62990AF1B00607D98 /* NotificationTableViewCell.swift */,
				151FC4B72990AF1B00607D98 /* NotificationTableViewCell.xib */,
				159F59942991E7C700E13AC9 /* ADBannerCollectionViewCell.swift */,
				159F59952991E7C700E13AC9 /* ADBannerCollectionViewCell.xib */,
				159F59982991E88D00E13AC9 /* FavoriteCollectionViewCell.swift */,
				159F59992991E88D00E13AC9 /* FavoriteCollectionViewCell.xib */,
			);
			path = view;
			sourceTree = "<group>";
		};
/* End PBXGroup section */

/* Begin PBXNativeTarget section */
		152155E6298E3321002972C1 /* iOSInterview */ = {
			isa = PBXNativeTarget;
			buildConfigurationList = 15215614298E3322002972C1 /* Build configuration list for PBXNativeTarget "iOSInterview" */;
			buildPhases = (
				152155E3298E3321002972C1 /* Sources */,
				152155E4298E3321002972C1 /* Frameworks */,
				152155E5298E3321002972C1 /* Resources */,
			);
			buildRules = (
			);
			dependencies = (
			);
			name = iOSInterview;
			productName = iOSInterview;
			productReference = 152155E7298E3321002972C1 /* iOSInterview.app */;
			productType = "com.apple.product-type.application";
		};
		152155FF298E3322002972C1 /* iOSInterviewTests */ = {
			isa = PBXNativeTarget;
			buildConfigurationList = 15215617298E3322002972C1 /* Build configuration list for PBXNativeTarget "iOSInterviewTests" */;
			buildPhases = (
				152155FC298E3322002972C1 /* Sources */,
				152155FD298E3322002972C1 /* Frameworks */,
				152155FE298E3322002972C1 /* Resources */,
			);
			buildRules = (
			);
			dependencies = (
				15215602298E3322002972C1 /* PBXTargetDependency */,
			);
			name = iOSInterviewTests;
			productName = iOSInterviewTests;
			productReference = 15215600298E3322002972C1 /* iOSInterviewTests.xctest */;
			productType = "com.apple.product-type.bundle.unit-test";
		};
		15215609298E3322002972C1 /* iOSInterviewUITests */ = {
			isa = PBXNativeTarget;
			buildConfigurationList = 1521561A298E3322002972C1 /* Build configuration list for PBXNativeTarget "iOSInterviewUITests" */;
			buildPhases = (
				15215606298E3322002972C1 /* Sources */,
				15215607298E3322002972C1 /* Frameworks */,
				15215608298E3322002972C1 /* Resources */,
			);
			buildRules = (
			);
			dependencies = (
				1521560C298E3322002972C1 /* PBXTargetDependency */,
			);
			name = iOSInterviewUITests;
			productName = iOSInterviewUITests;
			productReference = 1521560A298E3322002972C1 /* iOSInterviewUITests.xctest */;
			productType = "com.apple.product-type.bundle.ui-testing";
		};
/* End PBXNativeTarget section */

/* Begin PBXProject section */
		152155DF298E3321002972C1 /* Project object */ = {
			isa = PBXProject;
			attributes = {
				BuildIndependentTargetsInParallel = 1;
				LastSwiftUpdateCheck = 1420;
				LastUpgradeCheck = 1420;
				TargetAttributes = {
					152155E6298E3321002972C1 = {
						CreatedOnToolsVersion = 14.2;
					};
					152155FF298E3322002972C1 = {
						CreatedOnToolsVersion = 14.2;
						TestTargetID = 152155E6298E3321002972C1;
					};
					15215609298E3322002972C1 = {
						CreatedOnToolsVersion = 14.2;
						TestTargetID = 152155E6298E3321002972C1;
					};
				};
			};
			buildConfigurationList = 152155E2298E3321002972C1 /* Build configuration list for PBXProject "iOSInterview" */;
			compatibilityVersion = "Xcode 14.0";
			developmentRegion = en;
			hasScannedForEncodings = 0;
			knownRegions = (
				en,
				Base,
			);
			mainGroup = 152155DE298E3321002972C1;
			productRefGroup = 152155E8298E3321002972C1 /* Products */;
			projectDirPath = "";
			projectRoot = "";
			targets = (
				152155E6298E3321002972C1 /* iOSInterview */,
				152155FF298E3322002972C1 /* iOSInterviewTests */,
				15215609298E3322002972C1 /* iOSInterviewUITests */,
			);
		};
/* End PBXProject section */

/* Begin PBXResourcesBuildPhase section */
		152155E5298E3321002972C1 /* Resources */ = {
			isa = PBXResourcesBuildPhase;
			buildActionMask = 2147483647;
			files = (
				151FC4B92990AF1B00607D98 /* NotificationTableViewCell.xib in Resources */,
				152155FA298E3322002972C1 /* LaunchScreen.storyboard in Resources */,
				152155F7298E3322002972C1 /* Assets.xcassets in Resources */,
				152155F2298E3321002972C1 /* Main.storyboard in Resources */,
				159F599B2991E88D00E13AC9 /* FavoriteCollectionViewCell.xib in Resources */,
				159F59972991E7C700E13AC9 /* ADBannerCollectionViewCell.xib in Resources */,
			);
			runOnlyForDeploymentPostprocessing = 0;
		};
		152155FE298E3322002972C1 /* Resources */ = {
			isa = PBXResourcesBuildPhase;
			buildActionMask = 2147483647;
			files = (
			);
			runOnlyForDeploymentPostprocessing = 0;
		};
		15215608298E3322002972C1 /* Resources */ = {
			isa = PBXResourcesBuildPhase;
			buildActionMask = 2147483647;
			files = (
			);
			runOnlyForDeploymentPostprocessing = 0;
		};
/* End PBXResourcesBuildPhase section */

/* Begin PBXSourcesBuildPhase section */
		152155E3298E3321002972C1 /* Sources */ = {
			isa = PBXSourcesBuildPhase;
			buildActionMask = 2147483647;
			files = (
				152155EF298E3321002972C1 /* NotificationViewController.swift in Sources */,
				151FC4AD29908D2D00607D98 /* CustomTextField.swift in Sources */,
				15215625298E3D3F002972C1 /* UIColor.swift in Sources */,
				15912523298E4A9B009C33E6 /* CustomTabBarController.swift in Sources */,
				151FC4B82990AF1B00607D98 /* NotificationTableViewCell.swift in Sources */,
				15215622298E3560002972C1 /* Url.swift in Sources */,
				152155F5298E3321002972C1 /* iOSInterview.xcdatamodeld in Sources */,
				151FC4B32990AD8200607D98 /* GetDataFavorite.swift in Sources */,
				15912525298E5B28009C33E6 /* GetDataNotification.swift in Sources */,
				15472135299277F900A3A368 /* CustomTabbar.swift in Sources */,
				151FC4BB2990F96C00607D98 /* CustomView.swift in Sources */,
				151FC4AF29908D6900607D98 /* CustomLabel.swift in Sources */,
				152155EB298E3321002972C1 /* AppDelegate.swift in Sources */,
				152155ED298E3321002972C1 /* SceneDelegate.swift in Sources */,
				151FC4B12990AA1E00607D98 /* GetDataAccount.swift in Sources */,
				159F59962991E7C700E13AC9 /* ADBannerCollectionViewCell.swift in Sources */,
				151FC4B52990AE3800607D98 /* GetDataADBanner.swift in Sources */,
				159F599D2991F2A500E13AC9 /* GetImage.swift in Sources */,
				151FC4AB29908D2100607D98 /* MainTableViewController.swift in Sources */,
				15215620298E34C0002972C1 /* GetJson.swift in Sources */,
				159F599A2991E88D00E13AC9 /* FavoriteCollectionViewCell.swift in Sources */,
			);
			runOnlyForDeploymentPostprocessing = 0;
		};
		152155FC298E3322002972C1 /* Sources */ = {
			isa = PBXSourcesBuildPhase;
			buildActionMask = 2147483647;
			files = (
				15215605298E3322002972C1 /* iOSInterviewTests.swift in Sources */,
			);
			runOnlyForDeploymentPostprocessing = 0;
		};
		15215606298E3322002972C1 /* Sources */ = {
			isa = PBXSourcesBuildPhase;
			buildActionMask = 2147483647;
			files = (
				15215611298E3322002972C1 /* iOSInterviewUITestsLaunchTests.swift in Sources */,
				1521560F298E3322002972C1 /* iOSInterviewUITests.swift in Sources */,
			);
			runOnlyForDeploymentPostprocessing = 0;
		};
/* End PBXSourcesBuildPhase section */

/* Begin PBXTargetDependency section */
		15215602298E3322002972C1 /* PBXTargetDependency */ = {
			isa = PBXTargetDependency;
			target = 152155E6298E3321002972C1 /* iOSInterview */;
			targetProxy = 15215601298E3322002972C1 /* PBXContainerItemProxy */;
		};
		1521560C298E3322002972C1 /* PBXTargetDependency */ = {
			isa = PBXTargetDependency;
			target = 152155E6298E3321002972C1 /* iOSInterview */;
			targetProxy = 1521560B298E3322002972C1 /* PBXContainerItemProxy */;
		};
/* End PBXTargetDependency section */

/* Begin PBXVariantGroup section */
		152155F0298E3321002972C1 /* Main.storyboard */ = {
			isa = PBXVariantGroup;
			children = (
				152155F1298E3321002972C1 /* Base */,
			);
			name = Main.storyboard;
			sourceTree = "<group>";
		};
		152155F8298E3322002972C1 /* LaunchScreen.storyboard */ = {
			isa = PBXVariantGroup;
			children = (
				152155F9298E3322002972C1 /* Base */,
			);
			name = LaunchScreen.storyboard;
			sourceTree = "<group>";
		};
/* End PBXVariantGroup section */

/* Begin XCBuildConfiguration section */
		15215612298E3322002972C1 /* Debug */ = {
			isa = XCBuildConfiguration;
			buildSettings = {
				ALWAYS_SEARCH_USER_PATHS = NO;
				CLANG_ANALYZER_NONNULL = YES;
				CLANG_ANALYZER_NUMBER_OBJECT_CONVERSION = YES_AGGRESSIVE;
				CLANG_CXX_LANGUAGE_STANDARD = "gnu++20";
				CLANG_ENABLE_MODULES = YES;
				CLANG_ENABLE_OBJC_ARC = YES;
				CLANG_ENABLE_OBJC_WEAK = YES;
				CLANG_WARN_BLOCK_CAPTURE_AUTORELEASING = YES;
				CLANG_WARN_BOOL_CONVERSION = YES;
				CLANG_WARN_COMMA = YES;
				CLANG_WARN_CONSTANT_CONVERSION = YES;
				CLANG_WARN_DEPRECATED_OBJC_IMPLEMENTATIONS = YES;
				CLANG_WARN_DIRECT_OBJC_ISA_USAGE = YES_ERROR;
				CLANG_WARN_DOCUMENTATION_COMMENTS = YES;
				CLANG_WARN_EMPTY_BODY = YES;
				CLANG_WARN_ENUM_CONVERSION = YES;
				CLANG_WARN_INFINITE_RECURSION = YES;
				CLANG_WARN_INT_CONVERSION = YES;
				CLANG_WARN_NON_LITERAL_NULL_CONVERSION = YES;
				CLANG_WARN_OBJC_IMPLICIT_RETAIN_SELF = YES;
				CLANG_WARN_OBJC_LITERAL_CONVERSION = YES;
				CLANG_WARN_OBJC_ROOT_CLASS = YES_ERROR;
				CLANG_WARN_QUOTED_INCLUDE_IN_FRAMEWORK_HEADER = YES;
				CLANG_WARN_RANGE_LOOP_ANALYSIS = YES;
				CLANG_WARN_STRICT_PROTOTYPES = YES;
				CLANG_WARN_SUSPICIOUS_MOVE = YES;
				CLANG_WARN_UNGUARDED_AVAILABILITY = YES_AGGRESSIVE;
				CLANG_WARN_UNREACHABLE_CODE = YES;
				CLANG_WARN__DUPLICATE_METHOD_MATCH = YES;
				COPY_PHASE_STRIP = NO;
				DEBUG_INFORMATION_FORMAT = dwarf;
				ENABLE_STRICT_OBJC_MSGSEND = YES;
				ENABLE_TESTABILITY = YES;
				GCC_C_LANGUAGE_STANDARD = gnu11;
				GCC_DYNAMIC_NO_PIC = NO;
				GCC_NO_COMMON_BLOCKS = YES;
				GCC_OPTIMIZATION_LEVEL = 0;
				GCC_PREPROCESSOR_DEFINITIONS = (
					"DEBUG=1",
					"$(inherited)",
				);
				GCC_WARN_64_TO_32_BIT_CONVERSION = YES;
				GCC_WARN_ABOUT_RETURN_TYPE = YES_ERROR;
				GCC_WARN_UNDECLARED_SELECTOR = YES;
				GCC_WARN_UNINITIALIZED_AUTOS = YES_AGGRESSIVE;
				GCC_WARN_UNUSED_FUNCTION = YES;
				GCC_WARN_UNUSED_VARIABLE = YES;
				IPHONEOS_DEPLOYMENT_TARGET = 16.2;
				MTL_ENABLE_DEBUG_INFO = INCLUDE_SOURCE;
				MTL_FAST_MATH = YES;
				ONLY_ACTIVE_ARCH = YES;
				SDKROOT = iphoneos;
				SWIFT_ACTIVE_COMPILATION_CONDITIONS = DEBUG;
				SWIFT_OPTIMIZATION_LEVEL = "-Onone";
			};
			name = Debug;
		};
		15215613298E3322002972C1 /* Release */ = {
			isa = XCBuildConfiguration;
			buildSettings = {
				ALWAYS_SEARCH_USER_PATHS = NO;
				CLANG_ANALYZER_NONNULL = YES;
				CLANG_ANALYZER_NUMBER_OBJECT_CONVERSION = YES_AGGRESSIVE;
				CLANG_CXX_LANGUAGE_STANDARD = "gnu++20";
				CLANG_ENABLE_MODULES = YES;
				CLANG_ENABLE_OBJC_ARC = YES;
				CLANG_ENABLE_OBJC_WEAK = YES;
				CLANG_WARN_BLOCK_CAPTURE_AUTORELEASING = YES;
				CLANG_WARN_BOOL_CONVERSION = YES;
				CLANG_WARN_COMMA = YES;
				CLANG_WARN_CONSTANT_CONVERSION = YES;
				CLANG_WARN_DEPRECATED_OBJC_IMPLEMENTATIONS = YES;
				CLANG_WARN_DIRECT_OBJC_ISA_USAGE = YES_ERROR;
				CLANG_WARN_DOCUMENTATION_COMMENTS = YES;
				CLANG_WARN_EMPTY_BODY = YES;
				CLANG_WARN_ENUM_CONVERSION = YES;
				CLANG_WARN_INFINITE_RECURSION = YES;
				CLANG_WARN_INT_CONVERSION = YES;
				CLANG_WARN_NON_LITERAL_NULL_CONVERSION = YES;
				CLANG_WARN_OBJC_IMPLICIT_RETAIN_SELF = YES;
				CLANG_WARN_OBJC_LITERAL_CONVERSION = YES;
				CLANG_WARN_OBJC_ROOT_CLASS = YES_ERROR;
				CLANG_WARN_QUOTED_INCLUDE_IN_FRAMEWORK_HEADER = YES;
				CLANG_WARN_RANGE_LOOP_ANALYSIS = YES;
				CLANG_WARN_STRICT_PROTOTYPES = YES;
				CLANG_WARN_SUSPICIOUS_MOVE = YES;
				CLANG_WARN_UNGUARDED_AVAILABILITY = YES_AGGRESSIVE;
				CLANG_WARN_UNREACHABLE_CODE = YES;
				CLANG_WARN__DUPLICATE_METHOD_MATCH = YES;
				COPY_PHASE_STRIP = NO;
				DEBUG_INFORMATION_FORMAT = "dwarf-with-dsym";
				ENABLE_NS_ASSERTIONS = NO;
				ENABLE_STRICT_OBJC_MSGSEND = YES;
				GCC_C_LANGUAGE_STANDARD = gnu11;
				GCC_NO_COMMON_BLOCKS = YES;
				GCC_WARN_64_TO_32_BIT_CONVERSION = YES;
				GCC_WARN_ABOUT_RETURN_TYPE = YES_ERROR;
				GCC_WARN_UNDECLARED_SELECTOR = YES;
				GCC_WARN_UNINITIALIZED_AUTOS = YES_AGGRESSIVE;
				GCC_WARN_UNUSED_FUNCTION = YES;
				GCC_WARN_UNUSED_VARIABLE = YES;
				IPHONEOS_DEPLOYMENT_TARGET = 16.2;
				MTL_ENABLE_DEBUG_INFO = NO;
				MTL_FAST_MATH = YES;
				SDKROOT = iphoneos;
				SWIFT_COMPILATION_MODE = wholemodule;
				SWIFT_OPTIMIZATION_LEVEL = "-O";
				VALIDATE_PRODUCT = YES;
			};
			name = Release;
		};
		15215615298E3322002972C1 /* Debug */ = {
			isa = XCBuildConfiguration;
			buildSettings = {
				ASSETCATALOG_COMPILER_APPICON_NAME = AppIcon;
				ASSETCATALOG_COMPILER_GLOBAL_ACCENT_COLOR_NAME = AccentColor;
				CODE_SIGN_STYLE = Automatic;
				CURRENT_PROJECT_VERSION = 1;
				DEVELOPMENT_TEAM = 2Q39S762VC;
				GENERATE_INFOPLIST_FILE = YES;
				INFOPLIST_FILE = iOSInterview/Info.plist;
				INFOPLIST_KEY_UIApplicationSupportsIndirectInputEvents = YES;
				INFOPLIST_KEY_UILaunchStoryboardName = LaunchScreen;
				INFOPLIST_KEY_UIMainStoryboardFile = Main;
				INFOPLIST_KEY_UISupportedInterfaceOrientations = UIInterfaceOrientationPortrait;
				IPHONEOS_DEPLOYMENT_TARGET = 13.0;
				LD_RUNPATH_SEARCH_PATHS = (
					"$(inherited)",
					"@executable_path/Frameworks",
				);
				MARKETING_VERSION = 1.0;
				PRODUCT_BUNDLE_IDENTIFIER = com.charder.iOSInterview;
				PRODUCT_NAME = "$(TARGET_NAME)";
				SUPPORTED_PLATFORMS = "iphoneos iphonesimulator";
				SUPPORTS_MACCATALYST = NO;
				SUPPORTS_MAC_DESIGNED_FOR_IPHONE_IPAD = NO;
				SWIFT_EMIT_LOC_STRINGS = YES;
				SWIFT_VERSION = 5.0;
				TARGETED_DEVICE_FAMILY = "1,2";
			};
			name = Debug;
		};
		15215616298E3322002972C1 /* Release */ = {
			isa = XCBuildConfiguration;
			buildSettings = {
				ASSETCATALOG_COMPILER_APPICON_NAME = AppIcon;
				ASSETCATALOG_COMPILER_GLOBAL_ACCENT_COLOR_NAME = AccentColor;
				CODE_SIGN_STYLE = Automatic;
				CURRENT_PROJECT_VERSION = 1;
				DEVELOPMENT_TEAM = 2Q39S762VC;
				GENERATE_INFOPLIST_FILE = YES;
				INFOPLIST_FILE = iOSInterview/Info.plist;
				INFOPLIST_KEY_UIApplicationSupportsIndirectInputEvents = YES;
				INFOPLIST_KEY_UILaunchStoryboardName = LaunchScreen;
				INFOPLIST_KEY_UIMainStoryboardFile = Main;
				INFOPLIST_KEY_UISupportedInterfaceOrientations = UIInterfaceOrientationPortrait;
				IPHONEOS_DEPLOYMENT_TARGET = 13.0;
				LD_RUNPATH_SEARCH_PATHS = (
					"$(inherited)",
					"@executable_path/Frameworks",
				);
				MARKETING_VERSION = 1.0;
				PRODUCT_BUNDLE_IDENTIFIER = com.charder.iOSInterview;
				PRODUCT_NAME = "$(TARGET_NAME)";
				SUPPORTED_PLATFORMS = "iphoneos iphonesimulator";
				SUPPORTS_MACCATALYST = NO;
				SUPPORTS_MAC_DESIGNED_FOR_IPHONE_IPAD = NO;
				SWIFT_EMIT_LOC_STRINGS = YES;
				SWIFT_VERSION = 5.0;
				TARGETED_DEVICE_FAMILY = "1,2";
			};
			name = Release;
		};
		15215618298E3322002972C1 /* Debug */ = {
			isa = XCBuildConfiguration;
			buildSettings = {
				ALWAYS_EMBED_SWIFT_STANDARD_LIBRARIES = YES;
				BUNDLE_LOADER = "$(TEST_HOST)";
				CODE_SIGN_STYLE = Automatic;
				CURRENT_PROJECT_VERSION = 1;
				DEVELOPMENT_TEAM = 2Q39S762VC;
				GENERATE_INFOPLIST_FILE = YES;
				IPHONEOS_DEPLOYMENT_TARGET = 16.2;
				MARKETING_VERSION = 1.0;
				PRODUCT_BUNDLE_IDENTIFIER = com.charder.iOSInterviewTests;
				PRODUCT_NAME = "$(TARGET_NAME)";
				SWIFT_EMIT_LOC_STRINGS = NO;
				SWIFT_VERSION = 5.0;
				TARGETED_DEVICE_FAMILY = "1,2";
				TEST_HOST = "$(BUILT_PRODUCTS_DIR)/iOSInterview.app/$(BUNDLE_EXECUTABLE_FOLDER_PATH)/iOSInterview";
			};
			name = Debug;
		};
		15215619298E3322002972C1 /* Release */ = {
			isa = XCBuildConfiguration;
			buildSettings = {
				ALWAYS_EMBED_SWIFT_STANDARD_LIBRARIES = YES;
				BUNDLE_LOADER = "$(TEST_HOST)";
				CODE_SIGN_STYLE = Automatic;
				CURRENT_PROJECT_VERSION = 1;
				DEVELOPMENT_TEAM = 2Q39S762VC;
				GENERATE_INFOPLIST_FILE = YES;
				IPHONEOS_DEPLOYMENT_TARGET = 16.2;
				MARKETING_VERSION = 1.0;
				PRODUCT_BUNDLE_IDENTIFIER = com.charder.iOSInterviewTests;
				PRODUCT_NAME = "$(TARGET_NAME)";
				SWIFT_EMIT_LOC_STRINGS = NO;
				SWIFT_VERSION = 5.0;
				TARGETED_DEVICE_FAMILY = "1,2";
				TEST_HOST = "$(BUILT_PRODUCTS_DIR)/iOSInterview.app/$(BUNDLE_EXECUTABLE_FOLDER_PATH)/iOSInterview";
			};
			name = Release;
		};
		1521561B298E3322002972C1 /* Debug */ = {
			isa = XCBuildConfiguration;
			buildSettings = {
				ALWAYS_EMBED_SWIFT_STANDARD_LIBRARIES = YES;
				CODE_SIGN_STYLE = Automatic;
				CURRENT_PROJECT_VERSION = 1;
				DEVELOPMENT_TEAM = 2Q39S762VC;
				GENERATE_INFOPLIST_FILE = YES;
				MARKETING_VERSION = 1.0;
				PRODUCT_BUNDLE_IDENTIFIER = com.charder.iOSInterviewUITests;
				PRODUCT_NAME = "$(TARGET_NAME)";
				SWIFT_EMIT_LOC_STRINGS = NO;
				SWIFT_VERSION = 5.0;
				TARGETED_DEVICE_FAMILY = "1,2";
				TEST_TARGET_NAME = iOSInterview;
			};
			name = Debug;
		};
		1521561C298E3322002972C1 /* Release */ = {
			isa = XCBuildConfiguration;
			buildSettings = {
				ALWAYS_EMBED_SWIFT_STANDARD_LIBRARIES = YES;
				CODE_SIGN_STYLE = Automatic;
				CURRENT_PROJECT_VERSION = 1;
				DEVELOPMENT_TEAM = 2Q39S762VC;
				GENERATE_INFOPLIST_FILE = YES;
				MARKETING_VERSION = 1.0;
				PRODUCT_BUNDLE_IDENTIFIER = com.charder.iOSInterviewUITests;
				PRODUCT_NAME = "$(TARGET_NAME)";
				SWIFT_EMIT_LOC_STRINGS = NO;
				SWIFT_VERSION = 5.0;
				TARGETED_DEVICE_FAMILY = "1,2";
				TEST_TARGET_NAME = iOSInterview;
			};
			name = Release;
		};
/* End XCBuildConfiguration section */

/* Begin XCConfigurationList section */
		152155E2298E3321002972C1 /* Build configuration list for PBXProject "iOSInterview" */ = {
			isa = XCConfigurationList;
			buildConfigurations = (
				15215612298E3322002972C1 /* Debug */,
				15215613298E3322002972C1 /* Release */,
			);
			defaultConfigurationIsVisible = 0;
			defaultConfigurationName = Release;
		};
		15215614298E3322002972C1 /* Build configuration list for PBXNativeTarget "iOSInterview" */ = {
			isa = XCConfigurationList;
			buildConfigurations = (
				15215615298E3322002972C1 /* Debug */,
				15215616298E3322002972C1 /* Release */,
			);
			defaultConfigurationIsVisible = 0;
			defaultConfigurationName = Release;
		};
		15215617298E3322002972C1 /* Build configuration list for PBXNativeTarget "iOSInterviewTests" */ = {
			isa = XCConfigurationList;
			buildConfigurations = (
				15215618298E3322002972C1 /* Debug */,
				15215619298E3322002972C1 /* Release */,
			);
			defaultConfigurationIsVisible = 0;
			defaultConfigurationName = Release;
		};
		1521561A298E3322002972C1 /* Build configuration list for PBXNativeTarget "iOSInterviewUITests" */ = {
			isa = XCConfigurationList;
			buildConfigurations = (
				1521561B298E3322002972C1 /* Debug */,
				1521561C298E3322002972C1 /* Release */,
			);
			defaultConfigurationIsVisible = 0;
			defaultConfigurationName = Release;
		};
/* End XCConfigurationList section */

/* Begin XCVersionGroup section */
		152155F3298E3321002972C1 /* iOSInterview.xcdatamodeld */ = {
			isa = XCVersionGroup;
			children = (
				152155F4298E3321002972C1 /* iOSInterview.xcdatamodel */,
			);
			currentVersion = 152155F4298E3321002972C1 /* iOSInterview.xcdatamodel */;
			path = iOSInterview.xcdatamodeld;
			sourceTree = "<group>";
			versionGroupType = wrapper.xcdatamodel;
		};
/* End XCVersionGroup section */
	};
	rootObject = 152155DF298E3321002972C1 /* Project object */;
}
